// !$*UTF8*$!
{
	archiveVersion = 1;
	classes = {
	};
	objectVersion = 46;
	objects = {

/* Begin PBXBuildFile section */
		BC85321E185A987E00EDC909 /* ico_safari.png in Resources */ = {isa = PBXBuildFile; fileRef = BC85320E185A987E00EDC909 /* ico_safari.png */; };
		BC85321F185A987E00EDC909 /* ico_safari@2x.png in Resources */ = {isa = PBXBuildFile; fileRef = BC85320F185A987E00EDC909 /* ico_safari@2x.png */; };
		BC853220185A987E00EDC909 /* ico_safari@2x~ipad.png in Resources */ = {isa = PBXBuildFile; fileRef = BC853210185A987E00EDC909 /* ico_safari@2x~ipad.png */; };
		BC853221185A987E00EDC909 /* ico_safari~ipad.png in Resources */ = {isa = PBXBuildFile; fileRef = BC853211185A987E00EDC909 /* ico_safari~ipad.png */; };
		BC853222185A987E00EDC909 /* SafariActivity.m in Sources */ = {isa = PBXBuildFile; fileRef = BC853213185A987E00EDC909 /* SafariActivity.m */; };
		BC853223185A987E00EDC909 /* TransitionManager.m in Sources */ = {isa = PBXBuildFile; fileRef = BC853215185A987E00EDC909 /* TransitionManager.m */; };
		BC853224185A987E00EDC909 /* UIImage+Additions.m in Sources */ = {isa = PBXBuildFile; fileRef = BC853217185A987E00EDC909 /* UIImage+Additions.m */; };
		BC853225185A987E00EDC909 /* WebViewAdditions.m in Sources */ = {isa = PBXBuildFile; fileRef = BC853219185A987E00EDC909 /* WebViewAdditions.m */; };
		BC853226185A987E00EDC909 /* KTSimpleWebBrowser.m in Sources */ = {isa = PBXBuildFile; fileRef = BC85321B185A987E00EDC909 /* KTSimpleWebBrowser.m */; };
		BC853232185AAD0500EDC909 /* KTWB.bundle in Resources */ = {isa = PBXBuildFile; fileRef = BC853231185AAD0500EDC909 /* KTWB.bundle */; };
		BC853236185AAE0C00EDC909 /* KTWB_settings.plist in Resources */ = {isa = PBXBuildFile; fileRef = BC853235185AAE0C00EDC909 /* KTWB_settings.plist */; };
		BCB0BE261859887E00482413 /* ss1.png in Resources */ = {isa = PBXBuildFile; fileRef = BCB0BE241859887E00482413 /* ss1.png */; };
		BCB0BE271859887E00482413 /* ss2.png in Resources */ = {isa = PBXBuildFile; fileRef = BCB0BE251859887E00482413 /* ss2.png */; };
		BCE40F9918447CD500F284F0 /* UIKit.framework in Frameworks */ = {isa = PBXBuildFile; fileRef = BCE40F9818447CD500F284F0 /* UIKit.framework */; };
		BCE40F9B18447CD500F284F0 /* Foundation.framework in Frameworks */ = {isa = PBXBuildFile; fileRef = BCE40F9A18447CD500F284F0 /* Foundation.framework */; };
		BCE40F9D18447CD500F284F0 /* CoreGraphics.framework in Frameworks */ = {isa = PBXBuildFile; fileRef = BCE40F9C18447CD500F284F0 /* CoreGraphics.framework */; };
		BCE40FA318447CD500F284F0 /* InfoPlist.strings in Resources */ = {isa = PBXBuildFile; fileRef = BCE40FA118447CD500F284F0 /* InfoPlist.strings */; };
		BCE40FA518447CD500F284F0 /* main.m in Sources */ = {isa = PBXBuildFile; fileRef = BCE40FA418447CD500F284F0 /* main.m */; };
		BCE40FA918447CD500F284F0 /* AppDelegate.m in Sources */ = {isa = PBXBuildFile; fileRef = BCE40FA818447CD500F284F0 /* AppDelegate.m */; };
		BCE40FAB18447CD500F284F0 /* Default.png in Resources */ = {isa = PBXBuildFile; fileRef = BCE40FAA18447CD500F284F0 /* Default.png */; };
		BCE40FAD18447CD500F284F0 /* Default@2x.png in Resources */ = {isa = PBXBuildFile; fileRef = BCE40FAC18447CD500F284F0 /* Default@2x.png */; };
		BCE40FAF18447CD500F284F0 /* Default-568h@2x.png in Resources */ = {isa = PBXBuildFile; fileRef = BCE40FAE18447CD500F284F0 /* Default-568h@2x.png */; };
		BCE40FB218447CD500F284F0 /* MainStoryboard.storyboard in Resources */ = {isa = PBXBuildFile; fileRef = BCE40FB018447CD500F284F0 /* MainStoryboard.storyboard */; };
		BCE40FB518447CD500F284F0 /* ViewController.m in Sources */ = {isa = PBXBuildFile; fileRef = BCE40FB418447CD500F284F0 /* ViewController.m */; };
/* End PBXBuildFile section */

/* Begin PBXFileReference section */
		BC85320E185A987E00EDC909 /* ico_safari.png */ = {isa = PBXFileReference; lastKnownFileType = image.png; path = ico_safari.png; sourceTree = "<group>"; };
		BC85320F185A987E00EDC909 /* ico_safari@2x.png */ = {isa = PBXFileReference; lastKnownFileType = image.png; path = "ico_safari@2x.png"; sourceTree = "<group>"; };
		BC853210185A987E00EDC909 /* ico_safari@2x~ipad.png */ = {isa = PBXFileReference; lastKnownFileType = image.png; path = "ico_safari@2x~ipad.png"; sourceTree = "<group>"; };
		BC853211185A987E00EDC909 /* ico_safari~ipad.png */ = {isa = PBXFileReference; lastKnownFileType = image.png; path = "ico_safari~ipad.png"; sourceTree = "<group>"; };
		BC853212185A987E00EDC909 /* SafariActivity.h */ = {isa = PBXFileReference; fileEncoding = 4; lastKnownFileType = sourcecode.c.h; path = SafariActivity.h; sourceTree = "<group>"; };
		BC853213185A987E00EDC909 /* SafariActivity.m */ = {isa = PBXFileReference; fileEncoding = 4; lastKnownFileType = sourcecode.c.objc; path = SafariActivity.m; sourceTree = "<group>"; };
		BC853214185A987E00EDC909 /* TransitionManager.h */ = {isa = PBXFileReference; fileEncoding = 4; lastKnownFileType = sourcecode.c.h; path = TransitionManager.h; sourceTree = "<group>"; };
		BC853215185A987E00EDC909 /* TransitionManager.m */ = {isa = PBXFileReference; fileEncoding = 4; lastKnownFileType = sourcecode.c.objc; path = TransitionManager.m; sourceTree = "<group>"; };
		BC853216185A987E00EDC909 /* UIImage+Additions.h */ = {isa = PBXFileReference; fileEncoding = 4; lastKnownFileType = sourcecode.c.h; path = "UIImage+Additions.h"; sourceTree = "<group>"; };
		BC853217185A987E00EDC909 /* UIImage+Additions.m */ = {isa = PBXFileReference; fileEncoding = 4; lastKnownFileType = sourcecode.c.objc; path = "UIImage+Additions.m"; sourceTree = "<group>"; };
		BC853218185A987E00EDC909 /* WebViewAdditions.h */ = {isa = PBXFileReference; fileEncoding = 4; lastKnownFileType = sourcecode.c.h; path = WebViewAdditions.h; sourceTree = "<group>"; };
		BC853219185A987E00EDC909 /* WebViewAdditions.m */ = {isa = PBXFileReference; fileEncoding = 4; lastKnownFileType = sourcecode.c.objc; path = WebViewAdditions.m; sourceTree = "<group>"; };
		BC85321A185A987E00EDC909 /* KTSimpleWebBrowser.h */ = {isa = PBXFileReference; fileEncoding = 4; lastKnownFileType = sourcecode.c.h; path = KTSimpleWebBrowser.h; sourceTree = "<group>"; };
		BC85321B185A987E00EDC909 /* KTSimpleWebBrowser.m */ = {isa = PBXFileReference; fileEncoding = 4; lastKnownFileType = sourcecode.c.objc; path = KTSimpleWebBrowser.m; sourceTree = "<group>"; };
		BC853231185AAD0500EDC909 /* KTWB.bundle */ = {isa = PBXFileReference; lastKnownFileType = "wrapper.plug-in"; path = KTWB.bundle; sourceTree = "<group>"; };
		BC853235185AAE0C00EDC909 /* KTWB_settings.plist */ = {isa = PBXFileReference; fileEncoding = 4; lastKnownFileType = text.plist.xml; path = KTWB_settings.plist; sourceTree = "<group>"; };
		BCB0BE241859887E00482413 /* ss1.png */ = {isa = PBXFileReference; lastKnownFileType = image.png; path = ss1.png; sourceTree = "<group>"; };
		BCB0BE251859887E00482413 /* ss2.png */ = {isa = PBXFileReference; lastKnownFileType = image.png; path = ss2.png; sourceTree = "<group>"; };
		BCE40F9518447CD500F284F0 /* KTSimpleWebBrowserDemo.app */ = {isa = PBXFileReference; explicitFileType = wrapper.application; includeInIndex = 0; path = KTSimpleWebBrowserDemo.app; sourceTree = BUILT_PRODUCTS_DIR; };
		BCE40F9818447CD500F284F0 /* UIKit.framework */ = {isa = PBXFileReference; lastKnownFileType = wrapper.framework; name = UIKit.framework; path = System/Library/Frameworks/UIKit.framework; sourceTree = SDKROOT; };
		BCE40F9A18447CD500F284F0 /* Foundation.framework */ = {isa = PBXFileReference; lastKnownFileType = wrapper.framework; name = Foundation.framework; path = System/Library/Frameworks/Foundation.framework; sourceTree = SDKROOT; };
		BCE40F9C18447CD500F284F0 /* CoreGraphics.framework */ = {isa = PBXFileReference; lastKnownFileType = wrapper.framework; name = CoreGraphics.framework; path = System/Library/Frameworks/CoreGraphics.framework; sourceTree = SDKROOT; };
		BCE40FA018447CD500F284F0 /* KTSimpleWebBrowserDemo-Info.plist */ = {isa = PBXFileReference; lastKnownFileType = text.plist.xml; path = "KTSimpleWebBrowserDemo-Info.plist"; sourceTree = "<group>"; };
		BCE40FA218447CD500F284F0 /* en */ = {isa = PBXFileReference; lastKnownFileType = text.plist.strings; name = en; path = en.lproj/InfoPlist.strings; sourceTree = "<group>"; };
		BCE40FA418447CD500F284F0 /* main.m */ = {isa = PBXFileReference; lastKnownFileType = sourcecode.c.objc; path = main.m; sourceTree = "<group>"; };
		BCE40FA618447CD500F284F0 /* KTSimpleWebBrowserDemo-Prefix.pch */ = {isa = PBXFileReference; lastKnownFileType = sourcecode.c.h; path = "KTSimpleWebBrowserDemo-Prefix.pch"; sourceTree = "<group>"; };
		BCE40FA718447CD500F284F0 /* AppDelegate.h */ = {isa = PBXFileReference; lastKnownFileType = sourcecode.c.h; path = AppDelegate.h; sourceTree = "<group>"; };
		BCE40FA818447CD500F284F0 /* AppDelegate.m */ = {isa = PBXFileReference; lastKnownFileType = sourcecode.c.objc; path = AppDelegate.m; sourceTree = "<group>"; };
		BCE40FAA18447CD500F284F0 /* Default.png */ = {isa = PBXFileReference; lastKnownFileType = image.png; path = Default.png; sourceTree = "<group>"; };
		BCE40FAC18447CD500F284F0 /* Default@2x.png */ = {isa = PBXFileReference; lastKnownFileType = image.png; path = "Default@2x.png"; sourceTree = "<group>"; };
		BCE40FAE18447CD500F284F0 /* Default-568h@2x.png */ = {isa = PBXFileReference; lastKnownFileType = image.png; path = "Default-568h@2x.png"; sourceTree = "<group>"; };
		BCE40FB118447CD500F284F0 /* en */ = {isa = PBXFileReference; lastKnownFileType = file.storyboard; name = en; path = en.lproj/MainStoryboard.storyboard; sourceTree = "<group>"; };
		BCE40FB318447CD500F284F0 /* ViewController.h */ = {isa = PBXFileReference; lastKnownFileType = sourcecode.c.h; path = ViewController.h; sourceTree = "<group>"; };
		BCE40FB418447CD500F284F0 /* ViewController.m */ = {isa = PBXFileReference; lastKnownFileType = sourcecode.c.objc; path = ViewController.m; sourceTree = "<group>"; };
/* End PBXFileReference section */

/* Begin PBXFrameworksBuildPhase section */
		BCE40F9218447CD500F284F0 /* Frameworks */ = {
			isa = PBXFrameworksBuildPhase;
			buildActionMask = 2147483647;
			files = (
				BCE40F9918447CD500F284F0 /* UIKit.framework in Frameworks */,
				BCE40F9B18447CD500F284F0 /* Foundation.framework in Frameworks */,
				BCE40F9D18447CD500F284F0 /* CoreGraphics.framework in Frameworks */,
			);
			runOnlyForDeploymentPostprocessing = 0;
		};
/* End PBXFrameworksBuildPhase section */

/* Begin PBXGroup section */
		BC85320B185A987E00EDC909 /* KTSimpleWebBrowser */ = {
			isa = PBXGroup;
			children = (
				BC85321A185A987E00EDC909 /* KTSimpleWebBrowser.h */,
				BC85321B185A987E00EDC909 /* KTSimpleWebBrowser.m */,
				BC853235185AAE0C00EDC909 /* KTWB_settings.plist */,
				BC853231185AAD0500EDC909 /* KTWB.bundle */,
				BC85320C185A987E00EDC909 /* Category+Util */,
			);
			path = KTSimpleWebBrowser;
			sourceTree = "<group>";
		};
		BC85320C185A987E00EDC909 /* Category+Util */ = {
			isa = PBXGroup;
			children = (
				BC85320D185A987E00EDC909 /* SafariActivity */,
				BC853214185A987E00EDC909 /* TransitionManager.h */,
				BC853215185A987E00EDC909 /* TransitionManager.m */,
				BC853216185A987E00EDC909 /* UIImage+Additions.h */,
				BC853217185A987E00EDC909 /* UIImage+Additions.m */,
				BC853218185A987E00EDC909 /* WebViewAdditions.h */,
				BC853219185A987E00EDC909 /* WebViewAdditions.m */,
			);
			path = "Category+Util";
			sourceTree = "<group>";
		};
		BC85320D185A987E00EDC909 /* SafariActivity */ = {
			isa = PBXGroup;
			children = (
				BC85320E185A987E00EDC909 /* ico_safari.png */,
				BC85320F185A987E00EDC909 /* ico_safari@2x.png */,
				BC853210185A987E00EDC909 /* ico_safari@2x~ipad.png */,
				BC853211185A987E00EDC909 /* ico_safari~ipad.png */,
				BC853212185A987E00EDC909 /* SafariActivity.h */,
				BC853213185A987E00EDC909 /* SafariActivity.m */,
			);
			path = SafariActivity;
			sourceTree = "<group>";
		};
		BCE40F8C18447CD500F284F0 = {
			isa = PBXGroup;
			children = (
				BCE40F9E18447CD500F284F0 /* KTSimpleWebBrowserDemo */,
				BCE40F9718447CD500F284F0 /* Frameworks */,
				BCE40F9618447CD500F284F0 /* Products */,
			);
			sourceTree = "<group>";
		};
		BCE40F9618447CD500F284F0 /* Products */ = {
			isa = PBXGroup;
			children = (
				BCE40F9518447CD500F284F0 /* KTSimpleWebBrowserDemo.app */,
			);
			name = Products;
			sourceTree = "<group>";
		};
		BCE40F9718447CD500F284F0 /* Frameworks */ = {
			isa = PBXGroup;
			children = (
				BCE40F9818447CD500F284F0 /* UIKit.framework */,
				BCE40F9A18447CD500F284F0 /* Foundation.framework */,
				BCE40F9C18447CD500F284F0 /* CoreGraphics.framework */,
			);
			name = Frameworks;
			sourceTree = "<group>";
		};
		BCE40F9E18447CD500F284F0 /* KTSimpleWebBrowserDemo */ = {
			isa = PBXGroup;
			children = (
				BCE40FA718447CD500F284F0 /* AppDelegate.h */,
				BCE40FA818447CD500F284F0 /* AppDelegate.m */,
				BCE40FB018447CD500F284F0 /* MainStoryboard.storyboard */,
				BCE40FB318447CD500F284F0 /* ViewController.h */,
				BCE40FB418447CD500F284F0 /* ViewController.m */,
				BC85320B185A987E00EDC909 /* KTSimpleWebBrowser */,
				BCE40F9F18447CD500F284F0 /* Supporting Files */,
			);
			path = KTSimpleWebBrowserDemo;
			sourceTree = "<group>";
		};
		BCE40F9F18447CD500F284F0 /* Supporting Files */ = {
			isa = PBXGroup;
			children = (
				BCE40FA018447CD500F284F0 /* KTSimpleWebBrowserDemo-Info.plist */,
				BCE40FA118447CD500F284F0 /* InfoPlist.strings */,
				BCE40FA418447CD500F284F0 /* main.m */,
				BCE40FA618447CD500F284F0 /* KTSimpleWebBrowserDemo-Prefix.pch */,
				BCE40FAA18447CD500F284F0 /* Default.png */,
				BCE40FAC18447CD500F284F0 /* Default@2x.png */,
				BCE40FAE18447CD500F284F0 /* Default-568h@2x.png */,
				BCB0BE241859887E00482413 /* ss1.png */,
				BCB0BE251859887E00482413 /* ss2.png */,
			);
			name = "Supporting Files";
			sourceTree = "<group>";
		};
/* End PBXGroup section */

/* Begin PBXNativeTarget section */
		BCE40F9418447CD500F284F0 /* KTSimpleWebBrowserDemo */ = {
			isa = PBXNativeTarget;
			buildConfigurationList = BCE40FB818447CD500F284F0 /* Build configuration list for PBXNativeTarget "KTSimpleWebBrowserDemo" */;
			buildPhases = (
				BCE40F9118447CD500F284F0 /* Sources */,
				BCE40F9218447CD500F284F0 /* Frameworks */,
				BCE40F9318447CD500F284F0 /* Resources */,
			);
			buildRules = (
			);
			dependencies = (
			);
			name = KTSimpleWebBrowserDemo;
			productName = KTSimpleWebBrowserDemo;
			productReference = BCE40F9518447CD500F284F0 /* KTSimpleWebBrowserDemo.app */;
			productType = "com.apple.product-type.application";
		};
/* End PBXNativeTarget section */

/* Begin PBXProject section */
		BCE40F8D18447CD500F284F0 /* Project object */ = {
			isa = PBXProject;
			attributes = {
				LastUpgradeCheck = 0460;
				ORGANIZATIONNAME = pikab1;
			};
			buildConfigurationList = BCE40F9018447CD500F284F0 /* Build configuration list for PBXProject "KTSimpleWebBrowserDemo" */;
			compatibilityVersion = "Xcode 3.2";
			developmentRegion = English;
			hasScannedForEncodings = 0;
			knownRegions = (
				en,
			);
			mainGroup = BCE40F8C18447CD500F284F0;
			productRefGroup = BCE40F9618447CD500F284F0 /* Products */;
			projectDirPath = "";
			projectRoot = "";
			targets = (
				BCE40F9418447CD500F284F0 /* KTSimpleWebBrowserDemo */,
			);
		};
/* End PBXProject section */

/* Begin PBXResourcesBuildPhase section */
		BCE40F9318447CD500F284F0 /* Resources */ = {
			isa = PBXResourcesBuildPhase;
			buildActionMask = 2147483647;
			files = (
				BCE40FA318447CD500F284F0 /* InfoPlist.strings in Resources */,
				BC85321E185A987E00EDC909 /* ico_safari.png in Resources */,
				BC853236185AAE0C00EDC909 /* KTWB_settings.plist in Resources */,
				BCE40FAB18447CD500F284F0 /* Default.png in Resources */,
				BCE40FAD18447CD500F284F0 /* Default@2x.png in Resources */,
				BCE40FAF18447CD500F284F0 /* Default-568h@2x.png in Resources */,
				BC853220185A987E00EDC909 /* ico_safari@2x~ipad.png in Resources */,
				BCB0BE271859887E00482413 /* ss2.png in Resources */,
				BC85321F185A987E00EDC909 /* ico_safari@2x.png in Resources */,
				BC853232185AAD0500EDC909 /* KTWB.bundle in Resources */,
				BCB0BE261859887E00482413 /* ss1.png in Resources */,
				BC853221185A987E00EDC909 /* ico_safari~ipad.png in Resources */,
				BCE40FB218447CD500F284F0 /* MainStoryboard.storyboard in Resources */,
			);
			runOnlyForDeploymentPostprocessing = 0;
		};
/* End PBXResourcesBuildPhase section */

/* Begin PBXSourcesBuildPhase section */
		BCE40F9118447CD500F284F0 /* Sources */ = {
			isa = PBXSourcesBuildPhase;
			buildActionMask = 2147483647;
			files = (
				BC853225185A987E00EDC909 /* WebViewAdditions.m in Sources */,
				BCE40FA518447CD500F284F0 /* main.m in Sources */,
				BC853226185A987E00EDC909 /* KTSimpleWebBrowser.m in Sources */,
				BC853224185A987E00EDC909 /* UIImage+Additions.m in Sources */,
				BCE40FA918447CD500F284F0 /* AppDelegate.m in Sources */,
				BC853222185A987E00EDC909 /* SafariActivity.m in Sources */,
				BCE40FB518447CD500F284F0 /* ViewController.m in Sources */,
				BC853223185A987E00EDC909 /* TransitionManager.m in Sources */,
			);
			runOnlyForDeploymentPostprocessing = 0;
		};
/* End PBXSourcesBuildPhase section */

/* Begin PBXVariantGroup section */
		BCE40FA118447CD500F284F0 /* InfoPlist.strings */ = {
			isa = PBXVariantGroup;
			children = (
				BCE40FA218447CD500F284F0 /* en */,
			);
			name = InfoPlist.strings;
			sourceTree = "<group>";
		};
		BCE40FB018447CD500F284F0 /* MainStoryboard.storyboard */ = {
			isa = PBXVariantGroup;
			children = (
				BCE40FB118447CD500F284F0 /* en */,
			);
			name = MainStoryboard.storyboard;
			sourceTree = "<group>";
		};
/* End PBXVariantGroup section */

/* Begin XCBuildConfiguration section */
		BCE40FB618447CD500F284F0 /* Debug */ = {
			isa = XCBuildConfiguration;
			buildSettings = {
				ALWAYS_SEARCH_USER_PATHS = NO;
				CLANG_CXX_LANGUAGE_STANDARD = "gnu++0x";
				CLANG_CXX_LIBRARY = "libc++";
				CLANG_ENABLE_OBJC_ARC = YES;
				CLANG_WARN_CONSTANT_CONVERSION = YES;
				CLANG_WARN_EMPTY_BODY = YES;
				CLANG_WARN_ENUM_CONVERSION = YES;
				CLANG_WARN_INT_CONVERSION = YES;
				CLANG_WARN__DUPLICATE_METHOD_MATCH = YES;
				"CODE_SIGN_IDENTITY[sdk=iphoneos*]" = "iPhone Developer";
				COPY_PHASE_STRIP = NO;
				GCC_C_LANGUAGE_STANDARD = gnu99;
				GCC_DYNAMIC_NO_PIC = NO;
				GCC_OPTIMIZATION_LEVEL = 0;
				GCC_PREPROCESSOR_DEFINITIONS = (
					"DEBUG=1",
					"$(inherited)",
				);
				GCC_SYMBOLS_PRIVATE_EXTERN = NO;
				GCC_WARN_ABOUT_RETURN_TYPE = YES;
				GCC_WARN_UNINITIALIZED_AUTOS = YES;
				GCC_WARN_UNUSED_VARIABLE = YES;
				IPHONEOS_DEPLOYMENT_TARGET = 6.1;
				ONLY_ACTIVE_ARCH = YES;
				SDKROOT = iphoneos;
			};
			name = Debug;
		};
		BCE40FB718447CD500F284F0 /* Release */ = {
			isa = XCBuildConfiguration;
			buildSettings = {
				ALWAYS_SEARCH_USER_PATHS = NO;
				CLANG_CXX_LANGUAGE_STANDARD = "gnu++0x";
				CLANG_CXX_LIBRARY = "libc++";
				CLANG_ENABLE_OBJC_ARC = YES;
				CLANG_WARN_CONSTANT_CONVERSION = YES;
				CLANG_WARN_EMPTY_BODY = YES;
				CLANG_WARN_ENUM_CONVERSION = YES;
				CLANG_WARN_INT_CONVERSION = YES;
				CLANG_WARN__DUPLICATE_METHOD_MATCH = YES;
				"CODE_SIGN_IDENTITY[sdk=iphoneos*]" = "iPhone Developer";
				COPY_PHASE_STRIP = YES;
				GCC_C_LANGUAGE_STANDARD = gnu99;
				GCC_WARN_ABOUT_RETURN_TYPE = YES;
				GCC_WARN_UNINITIALIZED_AUTOS = YES;
				GCC_WARN_UNUSED_VARIABLE = YES;
				IPHONEOS_DEPLOYMENT_TARGET = 6.1;
				OTHER_CFLAGS = "-DNS_BLOCK_ASSERTIONS=1";
				SDKROOT = iphoneos;
				VALIDATE_PRODUCT = YES;
			};
			name = Release;
		};
		BCE40FB918447CD500F284F0 /* Debug */ = {
			isa = XCBuildConfiguration;
			buildSettings = {
				GCC_PRECOMPILE_PREFIX_HEADER = YES;
				GCC_PREFIX_HEADER = "KTSimpleWebBrowserDemo/KTSimpleWebBrowserDemo-Prefix.pch";
				INFOPLIST_FILE = "KTSimpleWebBrowserDemo/KTSimpleWebBrowserDemo-Info.plist";
				PRODUCT_NAME = "$(TARGET_NAME)";
				WRAPPER_EXTENSION = app;
			};
			name = Debug;
		};
		BCE40FBA18447CD500F284F0 /* Release */ = {
			isa = XCBuildConfiguration;
			buildSettings = {
				GCC_PRECOMPILE_PREFIX_HEADER = YES;
				GCC_PREFIX_HEADER = "KTSimpleWebBrowserDemo/KTSimpleWebBrowserDemo-Prefix.pch";
				INFOPLIST_FILE = "KTSimpleWebBrowserDemo/KTSimpleWebBrowserDemo-Info.plist";
				PRODUCT_NAME = "$(TARGET_NAME)";
				WRAPPER_EXTENSION = app;
			};
			name = Release;
		};
/* End XCBuildConfiguration section */

/* Begin XCConfigurationList section */
		BCE40F9018447CD500F284F0 /* Build configuration list for PBXProject "KTSimpleWebBrowserDemo" */ = {
			isa = XCConfigurationList;
			buildConfigurations = (
				BCE40FB618447CD500F284F0 /* Debug */,
				BCE40FB718447CD500F284F0 /* Release */,
			);
			defaultConfigurationIsVisible = 0;
			defaultConfigurationName = Release;
		};
		BCE40FB818447CD500F284F0 /* Build configuration list for PBXNativeTarget "KTSimpleWebBrowserDemo" */ = {
			isa = XCConfigurationList;
			buildConfigurations = (
				BCE40FB918447CD500F284F0 /* Debug */,
				BCE40FBA18447CD500F284F0 /* Release */,
			);
			defaultConfigurationIsVisible = 0;
			defaultConfigurationName = Release;
		};
/* End XCConfigurationList section */
	};
	rootObject = BCE40F8D18447CD500F284F0 /* Project object */;
}
